// !$*UTF8*$!
{
	archiveVersion = 1;
	classes = {
	};
	objectVersion = 46;
	objects = {
		5E618435888B9D49F8540165 = {
			buildActionMask = 2147483647;
			files = (
				);
			isa = PBXShellScriptBuildPhase;
			runOnlyForDeploymentPostprocessing = 0;
			name = "Qt Qmake";
			shellPath = "/bin/sh";
			shellScript = "make -C /Users/jessicawu/Desktop/OthelloUI/ -f OthelloUI.xcodeproj/qt_makeqmake.mak";
			showEnvVarsInLog = "0";
		};
		D6EECE7C1D0C8BBB46531A57 = {
			isa = PBXFileReference;
			path = "/Users/jessicawu/Desktop/OthelloUI/clickableBt.cpp";
			name = "clickableBt.cpp";
			sourceTree = "<absolute>";
			lastKnownFileType = "sourcecode.cpp.cpp";
		};
		F34BADFF8ED1E939BFE25BAA = {
			fileRef = "D6EECE7C1D0C8BBB46531A57";
			isa = PBXBuildFile;
			settings = {
				ATTRIBUTES = (
					);
			};
		};
		EF955F4805A72DD9F2F7F3D2 = {
			isa = PBXFileReference;
			path = "/Users/jessicawu/Desktop/OthelloUI/gameplay.cpp";
			name = "gameplay.cpp";
			sourceTree = "<absolute>";
			lastKnownFileType = "sourcecode.cpp.cpp";
		};
		3FC17B5343F8D3C583E6B171 = {
			fileRef = "EF955F4805A72DD9F2F7F3D2";
			isa = PBXBuildFile;
			settings = {
				ATTRIBUTES = (
					);
			};
		};
		7A67BF198DDF2A4B3D4850D4 = {
			isa = PBXFileReference;
			path = "/Users/jessicawu/Desktop/OthelloUI/logic.cpp";
			name = "logic.cpp";
			sourceTree = "<absolute>";
			lastKnownFileType = "sourcecode.cpp.cpp";
		};
		8B4CCACDDB1715C443B93A5E = {
			fileRef = "7A67BF198DDF2A4B3D4850D4";
			isa = PBXBuildFile;
			settings = {
				ATTRIBUTES = (
					);
			};
		};
		5B6626FE9BB02BA540DDE91A = {
			isa = PBXFileReference;
			path = "/Users/jessicawu/Desktop/OthelloUI/main.cpp";
			name = "main.cpp";
			sourceTree = "<absolute>";
			lastKnownFileType = "sourcecode.cpp.cpp";
		};
		827A0615A8A6F9371EB08305 = {
			fileRef = "5B6626FE9BB02BA540DDE91A";
			isa = PBXBuildFile;
			settings = {
				ATTRIBUTES = (
					);
			};
		};
		6B097A5B2FA04CA0C4A1A0FE = {
			isa = PBXFileReference;
			path = "/Users/jessicawu/Desktop/OthelloUI/qrc_bgb.cpp";
			name = "qrc_bgb.cpp";
			sourceTree = "<absolute>";
			lastKnownFileType = "sourcecode.cpp.cpp";
		};
		72F528135DA50C85A1C7D2FF = {
			fileRef = "6B097A5B2FA04CA0C4A1A0FE";
			isa = PBXBuildFile;
			settings = {
				ATTRIBUTES = (
					);
			};
		};
		9A3AC98FC52918D1FC5584F0 = {
			isa = PBXFileReference;
			path = "/Users/jessicawu/Desktop/OthelloUI/qrc_bgo.cpp";
			name = "qrc_bgo.cpp";
			sourceTree = "<absolute>";
			lastKnownFileType = "sourcecode.cpp.cpp";
		};
		B73AD77CED6B408BA42308B4 = {
			fileRef = "9A3AC98FC52918D1FC5584F0";
			isa = PBXBuildFile;
			settings = {
				ATTRIBUTES = (
					);
			};
		};
		FBE949AB415F470426BE9322 = {
			isa = PBXFileReference;
			path = "/Users/jessicawu/Desktop/OthelloUI/qrc_bgx.cpp";
			name = "qrc_bgx.cpp";
			sourceTree = "<absolute>";
			lastKnownFileType = "sourcecode.cpp.cpp";
		};
		08FFCEF5FF43ED23A93C5526 = {
			fileRef = "FBE949AB415F470426BE9322";
			isa = PBXBuildFile;
			settings = {
				ATTRIBUTES = (
					);
			};
		};
		261B54A025871A49AFEE148C = {
			isa = PBXFileReference;
			path = "/Users/jessicawu/Desktop/OthelloUI/qrc_res.cpp";
			name = "qrc_res.cpp";
			sourceTree = "<absolute>";
			lastKnownFileType = "sourcecode.cpp.cpp";
		};
		EBA12EE57CEA3563865001F3 = {
			fileRef = "261B54A025871A49AFEE148C";
			isa = PBXBuildFile;
			settings = {
				ATTRIBUTES = (
					);
			};
		};
		CBF6D27FE951D76699A416AE = {
			isa = PBXFileReference;
			path = "/Users/jessicawu/Desktop/OthelloUI/moc_clickableBt.cpp";
			name = "moc_clickableBt.cpp";
			sourceTree = "<absolute>";
			lastKnownFileType = "sourcecode.cpp.cpp";
		};
		2FE3AB0ADBBF98D4B8E690BF = {
			fileRef = "CBF6D27FE951D76699A416AE";
			isa = PBXBuildFile;
			settings = {
				ATTRIBUTES = (
					);
			};
		};
		563B22EDE82FE27A9F45B6E6 = {
			isa = PBXFileReference;
			path = "/Users/jessicawu/Desktop/OthelloUI/moc_gameplay.cpp";
			name = "moc_gameplay.cpp";
			sourceTree = "<absolute>";
			lastKnownFileType = "sourcecode.cpp.cpp";
		};
		F141AEDA54BE634E27EB19F8 = {
			fileRef = "563B22EDE82FE27A9F45B6E6";
			isa = PBXBuildFile;
			settings = {
				ATTRIBUTES = (
					);
			};
		};
		D7966093E00CA1401DD7969D = {
			isa = PBXFileReference;
			path = "/Users/jessicawu/Desktop/OthelloUI/clickableBt.h";
			name = "clickableBt.h";
			sourceTree = "<absolute>";
			lastKnownFileType = "sourcecode.c.h";
		};
		6886A365833F360567EA54F2 = {
			isa = PBXFileReference;
			path = "/Users/jessicawu/Desktop/OthelloUI/gameplay.h";
			name = "gameplay.h";
			sourceTree = "<absolute>";
			lastKnownFileType = "sourcecode.c.h";
		};
		AC67042B175EAFA0D875EAA6 = {
			isa = PBXFileReference;
			path = "/Users/jessicawu/Desktop/OthelloUI/lib.h";
			name = "lib.h";
			sourceTree = "<absolute>";
			lastKnownFileType = "sourcecode.c.h";
		};
		2C5E39DC71A05B4006A50BDB = {
			isa = PBXFileReference;
			path = "/Users/jessicawu/Desktop/OthelloUI/logic.h";
			name = "logic.h";
			sourceTree = "<absolute>";
			lastKnownFileType = "sourcecode.c.h";
		};
		DB57BE7F1129124B503C6F6B = {
			isa = PBXFileReference;
			path = "/Users/jessicawu/Desktop/OthelloUI/bgb.qrc";
			name = "bgb.qrc";
			sourceTree = "<absolute>";
			lastKnownFileType = "text";
		};
		E67ADA05851902FF74E0B10D = {
			fileRef = "DB57BE7F1129124B503C6F6B";
			isa = PBXBuildFile;
			settings = {
				ATTRIBUTES = (
					);
			};
		};
		28A20CF577FFA1B7C848B8A0 = {
			isa = PBXFileReference;
			path = "/Users/jessicawu/Desktop/OthelloUI/bgo.qrc";
			name = "bgo.qrc";
			sourceTree = "<absolute>";
			lastKnownFileType = "text";
		};
		69EF48F024E4D3003F2D456F = {
			fileRef = "28A20CF577FFA1B7C848B8A0";
			isa = PBXBuildFile;
			settings = {
				ATTRIBUTES = (
					);
			};
		};
		1636C40664283AD8BCB038AE = {
			isa = PBXFileReference;
			path = "/Users/jessicawu/Desktop/OthelloUI/bgx.qrc";
			name = "bgx.qrc";
			sourceTree = "<absolute>";
			lastKnownFileType = "text";
		};
		6050F045D47A1D1121818DC1 = {
			fileRef = "1636C40664283AD8BCB038AE";
			isa = PBXBuildFile;
			settings = {
				ATTRIBUTES = (
					);
			};
		};
		7877AD0EB0D9E6A49AEF869A = {
			isa = PBXFileReference;
			path = "/Users/jessicawu/Desktop/OthelloUI/res.qrc";
			name = "res.qrc";
			sourceTree = "<absolute>";
			lastKnownFileType = "text";
		};
		8F0DF07FF902B4E61BEC8B50 = {
			fileRef = "7877AD0EB0D9E6A49AEF869A";
			isa = PBXBuildFile;
			settings = {
				ATTRIBUTES = (
					);
			};
		};
		3F1A45E255BBA208A6A3E2EA = {
			isa = PBXFileReference;
			path = "/anaconda3/mkspecs/features/data/dummy.cpp";
			name = "dummy.cpp";
			sourceTree = "<absolute>";
			lastKnownFileType = "sourcecode.cpp.cpp";
		};
		5E861D2CDDD2A6D962C61098 = {
			fileRef = "3F1A45E255BBA208A6A3E2EA";
			isa = PBXBuildFile;
			settings = {
				ATTRIBUTES = (
					);
			};
		};
		87298124FC2870B9055A57B5 = {
			isa = PBXFileReference;
			path = "/Users/jessicawu/Desktop/OthelloUI/OthelloUI.pro";
			name = "OthelloUI.pro";
			sourceTree = "<absolute>";
			lastKnownFileType = "text";
		};
		8DDD8B8F08C79FE7FFA6A1F1 = {
			isa = PBXFileReference;
			path = "/Users/jessicawu/Desktop/OthelloUI/.qmake.stash";
			name = ".qmake.stash";
			sourceTree = "<absolute>";
		};
		25B08E2869634E9BCBA333A2 = {
			isa = PBXGroup;
			children = (
				"6B097A5B2FA04CA0C4A1A0FE",
				"9A3AC98FC52918D1FC5584F0",
				"FBE949AB415F470426BE9322",
				"261B54A025871A49AFEE148C",
				"CBF6D27FE951D76699A416AE",
				"563B22EDE82FE27A9F45B6E6");
			name = "Generated Sources";
			sourceTree = "<group>";
		};
		87DF60DE337FB58864343E39 = {
			isa = PBXGroup;
			children = (
				"DB57BE7F1129124B503C6F6B",
				"28A20CF577FFA1B7C848B8A0",
				"1636C40664283AD8BCB038AE",
				"7877AD0EB0D9E6A49AEF869A");
			name = "Resources";
			sourceTree = "<group>";
		};
		2EB56BE3C2D93CDAB0C52E67 = {
			isa = PBXGroup;
			children = (
				"D6EECE7C1D0C8BBB46531A57",
				"EF955F4805A72DD9F2F7F3D2",
				"7A67BF198DDF2A4B3D4850D4",
				"5B6626FE9BB02BA540DDE91A",
				"D7966093E00CA1401DD7969D",
				"6886A365833F360567EA54F2",
				"AC67042B175EAFA0D875EAA6",
				"2C5E39DC71A05B4006A50BDB");
			name = "Sources";
			sourceTree = "<group>";
		};
		B8254625CFD509ED2A24A166 = {
			isa = PBXGroup;
			children = (
				"3F1A45E255BBA208A6A3E2EA");
			name = "Sources [moc_predefs]";
			sourceTree = "<group>";
		};
		74B182DB50CB5611B5C1C297 = {
			isa = PBXGroup;
			children = (
				"87298124FC2870B9055A57B5",
				"8DDD8B8F08C79FE7FFA6A1F1");
			name = "Supporting Files";
			sourceTree = "<group>";
		};
		7EF0942E79C014DCEC8976BC = {
			buildActionMask = 2147483647;
			files = (
				);
			isa = PBXShellScriptBuildPhase;
			runOnlyForDeploymentPostprocessing = 0;
			name = "Qt Preprocessors";
			shellPath = "/bin/sh";
			shellScript = "make -C /Users/jessicawu/Desktop/OthelloUI/ -f OthelloUI.xcodeproj/qt_preprocess.mak";
			showEnvVarsInLog = "0";
		};
		F7E50F631C51CD5B5DC0BC43 = {
			buildActionMask = 2147483647;
			files = (
				"F34BADFF8ED1E939BFE25BAA",
				"3FC17B5343F8D3C583E6B171",
				"8B4CCACDDB1715C443B93A5E",
				"827A0615A8A6F9371EB08305",
				"72F528135DA50C85A1C7D2FF",
				"B73AD77CED6B408BA42308B4",
				"08FFCEF5FF43ED23A93C5526",
				"EBA12EE57CEA3563865001F3",
				"2FE3AB0ADBBF98D4B8E690BF",
				"F141AEDA54BE634E27EB19F8",
				"5E861D2CDDD2A6D962C61098");
			isa = PBXSourcesBuildPhase;
			runOnlyForDeploymentPostprocessing = 0;
			name = "Compile Sources";
		};
		17A964358EAA21582E8BA5BD = {
			isa = PBXFileReference;
			name = "Qt5Gui";
			path = "/anaconda3/lib/libQt5Gui$(QT_LIBRARY_SUFFIX).5.9.7.dylib";
			refType = 0;
			sourceTree = "<absolute>";
		};
		538F73CEAA6AD08FCB8E5E69 = {
			fileRef = "17A964358EAA21582E8BA5BD";
			isa = PBXBuildFile;
			settings = {
			};
		};
		2B774D8E4178765CE52EAAF5 = {
			isa = PBXFileReference;
			name = "DiskArbitration.framework";
			path = "/System/Library/Frameworks/DiskArbitration.framework";
			refType = 0;
			sourceTree = "<absolute>";
			lastKnownFileType = "wrapper.framework";
		};
		A99B2AA0F9CBBDD12BA126A4 = {
			fileRef = "2B774D8E4178765CE52EAAF5";
			isa = PBXBuildFile;
			settings = {
			};
		};
		A1A67BEAA744704B29168D39 = {
			isa = PBXFileReference;
			name = "IOKit.framework";
			path = "/System/Library/Frameworks/IOKit.framework";
			refType = 0;
			sourceTree = "<absolute>";
			lastKnownFileType = "wrapper.framework";
		};
		8D267F2E4776F0ECA2F49DC8 = {
			fileRef = "A1A67BEAA744704B29168D39";
			isa = PBXBuildFile;
			settings = {
			};
		};
		C148F0349822EBA51B9A61AF = {
			isa = PBXFileReference;
			name = "Qt5Core";
			path = "/anaconda3/lib/libQt5Core$(QT_LIBRARY_SUFFIX).5.9.7.dylib";
			refType = 0;
			sourceTree = "<absolute>";
		};
		C905099F16118212CBF204F1 = {
			fileRef = "C148F0349822EBA51B9A61AF";
			isa = PBXBuildFile;
			settings = {
			};
		};
		D4B32C2222F82AC56BADEB21 = {
			isa = PBXFileReference;
			name = "OpenGL.framework";
			path = "/System/Library/Frameworks/OpenGL.framework";
			refType = 0;
			sourceTree = "<absolute>";
			lastKnownFileType = "wrapper.framework";
		};
		8771A8C96E9C391044035D99 = {
			fileRef = "D4B32C2222F82AC56BADEB21";
			isa = PBXBuildFile;
			settings = {
			};
		};
		8D9815BDB5BD9F90D2BC05C5 = {
			isa = PBXFileReference;
			name = "AGL.framework";
			path = "/System/Library/Frameworks/AGL.framework";
			refType = 0;
			sourceTree = "<absolute>";
			lastKnownFileType = "wrapper.framework";
		};
		E45E51A644D5FC9F942ECE55 = {
			fileRef = "8D9815BDB5BD9F90D2BC05C5";
			isa = PBXBuildFile;
			settings = {
			};
		};
		AF39DD055C3EF8226FBE929D = {
			children = (
				"17A964358EAA21582E8BA5BD",
				"2B774D8E4178765CE52EAAF5",
				"A1A67BEAA744704B29168D39",
				"C148F0349822EBA51B9A61AF",
				"D4B32C2222F82AC56BADEB21",
				"8D9815BDB5BD9F90D2BC05C5");
			isa = PBXGroup;
			name = "Frameworks";
			sourceTree = "<group>";
		};
		D1C883685E82D5676953459A = {
			buildActionMask = 2147483647;
			files = (
				"538F73CEAA6AD08FCB8E5E69",
				"A99B2AA0F9CBBDD12BA126A4",
				"8D267F2E4776F0ECA2F49DC8",
				"C905099F16118212CBF204F1",
				"8771A8C96E9C391044035D99",
				"E45E51A644D5FC9F942ECE55");
			isa = PBXFrameworksBuildPhase;
			runOnlyForDeploymentPostprocessing = 0;
			name = "Link Binary With Libraries";
		};
		30414803F31797EB689AE508 = {
			buildActionMask = 2147483647;
			files = (
				);
			isa = PBXResourcesBuildPhase;
			runOnlyForDeploymentPostprocessing = 0;
			name = "Copy Bundle Resources";
		};
		99542592E9780B9225F24AA8 = {
			isa = PBXCopyFilesBuildPhase;
			buildActionMask = 2147483647;
			dstPath = "";
			dstSubfolderSpec = 10;
			files = (
				);
			name = "Embed Frameworks";
			runOnlyForDeploymentPostprocessing = 0;
		};
		2B59C6E6DAFC2238B23201B3 = {
			isa = PBXFileReference;
			includeInIndex = 0;
			explicitFileType = "wrapper.application";
			path = "OthelloUI.app";
			sourceTree = BUILT_PRODUCTS_DIR;
		};
		FE0A091FDBFB3E9C31B7A1BD = {
			children = (
				"2B59C6E6DAFC2238B23201B3");
			isa = PBXGroup;
			name = "Products";
			sourceTree = "<group>";
		};
		E8C543AB96796ECAA2E65C57 = {
			children = (
				"2EB56BE3C2D93CDAB0C52E67",
				"25B08E2869634E9BCBA333A2",
				"87DF60DE337FB58864343E39",
				"B8254625CFD509ED2A24A166",
				"74B182DB50CB5611B5C1C297",
				"AF39DD055C3EF8226FBE929D",
				"FE0A091FDBFB3E9C31B7A1BD");
			isa = PBXGroup;
			name = "OthelloUI";
			sourceTree = "<group>";
		};
		ACC7EC05FC8E11EA67921947 = {
			buildPhases = (
				"5E618435888B9D49F8540165",
				"7EF0942E79C014DCEC8976BC");
			dependencies = (
				);
			buildConfigurationList = 6CC3B5D2136C7CD6A5CF5A59;
			isa = PBXAggregateTarget;
			buildRules = (
);
			productName = "Qt Preprocess";
			name = "Qt Preprocess";
		};
		8F4EFAF7DF02018142CBC20B = {
			isa = PBXTargetDependency;
			target = "ACC7EC05FC8E11EA67921947";
		};
		C4C67A372046FB8B7FCDBF78 = {
			buildPhases = (
				"F7E50F631C51CD5B5DC0BC43",
				"D1C883685E82D5676953459A",
				"30414803F31797EB689AE508",
				"99542592E9780B9225F24AA8");
			dependencies = (
				"8F4EFAF7DF02018142CBC20B");
			productReference = "2B59C6E6DAFC2238B23201B3";
			buildConfigurationList = 6CC3B5D2136C7CD6A5CF5A59;
			isa = PBXNativeTarget;
			buildRules = (
);
			productType = "com.apple.product-type.application";
			name = "OthelloUI";
			productName = "OthelloUI";
		};
		3AA6C32AC930069E80220CF1 = {
			isa = XCBuildConfiguration;
			buildSettings = {
				APPLICATION_EXTENSION_API_ONLY = "NO";
				"ARCHS[sdk=macosx*]" = "x86_64";
				COPY_PHASE_STRIP = "NO";
				DEVELOPMENT_TEAM = "7HF46BS5MM";
				ENABLE_BITCODE = "NO";
				GCC_OPTIMIZATION_LEVEL = "0";
				ONLY_ACTIVE_ARCH = "YES";
				PRODUCT_NAME = "OthelloUI";
				QT_LIBRARY_SUFFIX = "";
				SDKROOT = "macosx";
				GCC_VERSION = com.apple.compilers.llvm.clang.1_0;
				CC = "/Applications/Xcode.app/Contents/Developer/Toolchains/XcodeDefault.xctoolchain/usr/bin/clang";
				LDPLUSPLUS = "/Applications/Xcode.app/Contents/Developer/Toolchains/XcodeDefault.xctoolchain/usr/bin/clang++";
				INFOPLIST_FILE = "Info.plist";
				SYMROOT = "/Users/jessicawu/Desktop/OthelloUI//.xcode";
				CONFIGURATION_BUILD_DIR = "/Users/jessicawu/Desktop/OthelloUI//$(CONFIGURATION)$(EFFECTIVE_PLATFORM_NAME)";
				DYLIB_CURRENT_VERSION = "1.0.0";
				DYLIB_COMPATIBILITY_VERSION = "1.0";
				MACOSX_DEPLOYMENT_TARGET = "10.10";
				HEADER_SEARCH_PATHS = (
					".",
					".",
					"/anaconda3/include/qt",
					"/anaconda3/include/qt/QtGui",
					"/anaconda3/include/qt/QtCore",
					".",
					"/Applications/Xcode.app/Contents/Developer/Platforms/MacOSX.platform/Developer/SDKs/MacOSX10.15.sdk/System/Library/Frameworks/OpenGL.framework/Headers",
					"/Applications/Xcode.app/Contents/Developer/Platforms/MacOSX.platform/Developer/SDKs/MacOSX10.15.sdk/System/Library/Frameworks/AGL.framework/Headers",
					"/anaconda3/mkspecs/macx-clang");
				LIBRARY_SEARCH_PATHS = (
					"/anaconda3/lib",
					"/System/Library/Frameworks/");
				FRAMEWORK_SEARCH_PATHS = "";
				OTHER_CFLAGS = (
					"-pipe",
					"-O2",
					"-Wall",
					"-W",
					"-fPIC",
					"-DQT_DEPRECATED_WARNINGS",
					"-DQT_NO_DEBUG",
					"-DQT_GUI_LIB",
					"-DQT_CORE_LIB");
				OTHER_CPLUSPLUSFLAGS = (
					"-pipe",
					"-stdlib=libc++",
					"-O2",
					"-std=gnu++11",
					"-Wall",
					"-W",
					"-fPIC",
					"-DQT_DEPRECATED_WARNINGS",
					"-DQT_NO_DEBUG",
					"-DQT_GUI_LIB",
					"-DQT_CORE_LIB");
				OTHER_LDFLAGS = (
						"-stdlib=libc++",
						"-headerpad_max_install_names",
						"-Wl,-rpath,@executable_path/Frameworks",
						"-Wl,-rpath,/anaconda3/lib",
						"-L/anaconda3/lib");
				ARCHS = "x86_64";
			};
			name = "Debug";
		};
		77418F46922677BB04ED38DD = {
			isa = XCBuildConfiguration;
			buildSettings = {
				APPLICATION_EXTENSION_API_ONLY = "NO";
				"ARCHS[sdk=macosx*]" = "x86_64";
				COPY_PHASE_STRIP = "NO";
				DEVELOPMENT_TEAM = "7HF46BS5MM";
				ENABLE_BITCODE = "NO";
				GCC_OPTIMIZATION_LEVEL = "0";
				ONLY_ACTIVE_ARCH = "YES";
				PRODUCT_NAME = "OthelloUI";
				QT_LIBRARY_SUFFIX = "";
				SDKROOT = "macosx";
				PRODUCT_NAME = "OthelloUI";
			};
			name = "Debug";
		};
		339EE1B2CC4FC24589A0EA95 = {
			isa = XCBuildConfiguration;
			buildSettings = {
				APPLICATION_EXTENSION_API_ONLY = "NO";
				"ARCHS[sdk=macosx*]" = "x86_64";
				COPY_PHASE_STRIP = "NO";
				DEVELOPMENT_TEAM = "7HF46BS5MM";
				ENABLE_BITCODE = "NO";
				PRODUCT_NAME = "OthelloUI";
				QT_LIBRARY_SUFFIX = "";
				SDKROOT = "macosx";
				GCC_VERSION = com.apple.compilers.llvm.clang.1_0;
				CC = "/Applications/Xcode.app/Contents/Developer/Toolchains/XcodeDefault.xctoolchain/usr/bin/clang";
				LDPLUSPLUS = "/Applications/Xcode.app/Contents/Developer/Toolchains/XcodeDefault.xctoolchain/usr/bin/clang++";
				INFOPLIST_FILE = "Info.plist";
				SYMROOT = "/Users/jessicawu/Desktop/OthelloUI//.xcode";
				CONFIGURATION_BUILD_DIR = "/Users/jessicawu/Desktop/OthelloUI//$(CONFIGURATION)$(EFFECTIVE_PLATFORM_NAME)";
				DYLIB_CURRENT_VERSION = "1.0.0";
				DYLIB_COMPATIBILITY_VERSION = "1.0";
				MACOSX_DEPLOYMENT_TARGET = "10.10";
				HEADER_SEARCH_PATHS = (
					".",
					".",
					"/anaconda3/include/qt",
					"/anaconda3/include/qt/QtGui",
					"/anaconda3/include/qt/QtCore",
					".",
					"/Applications/Xcode.app/Contents/Developer/Platforms/MacOSX.platform/Developer/SDKs/MacOSX10.15.sdk/System/Library/Frameworks/OpenGL.framework/Headers",
					"/Applications/Xcode.app/Contents/Developer/Platforms/MacOSX.platform/Developer/SDKs/MacOSX10.15.sdk/System/Library/Frameworks/AGL.framework/Headers",
					"/anaconda3/mkspecs/macx-clang");
				LIBRARY_SEARCH_PATHS = (
					"/anaconda3/lib",
					"/System/Library/Frameworks/");
				FRAMEWORK_SEARCH_PATHS = "";
				OTHER_CFLAGS = (
					"-pipe",
					"-O2",
					"-Wall",
					"-W",
					"-fPIC",
					"-DQT_DEPRECATED_WARNINGS",
					"-DQT_NO_DEBUG",
					"-DQT_GUI_LIB",
					"-DQT_CORE_LIB");
				OTHER_CPLUSPLUSFLAGS = (
					"-pipe",
					"-stdlib=libc++",
					"-O2",
					"-std=gnu++11",
					"-Wall",
					"-W",
					"-fPIC",
					"-DQT_DEPRECATED_WARNINGS",
					"-DQT_NO_DEBUG",
					"-DQT_GUI_LIB",
					"-DQT_CORE_LIB");
				OTHER_LDFLAGS = (
						"-stdlib=libc++",
						"-headerpad_max_install_names",
						"-Wl,-rpath,@executable_path/Frameworks",
						"-Wl,-rpath,/anaconda3/lib",
						"-L/anaconda3/lib");
				ARCHS = "x86_64";
			};
			name = "Release";
		};
		6666AA5E688052234F6758D8 = {
			isa = XCBuildConfiguration;
			buildSettings = {
				APPLICATION_EXTENSION_API_ONLY = "NO";
				"ARCHS[sdk=macosx*]" = "x86_64";
				COPY_PHASE_STRIP = "NO";
				DEVELOPMENT_TEAM = "7HF46BS5MM";
				ENABLE_BITCODE = "NO";
				PRODUCT_NAME = "OthelloUI";
				QT_LIBRARY_SUFFIX = "";
				SDKROOT = "macosx";
				PRODUCT_NAME = "OthelloUI";
			};
			name = "Release";
		};
		DAC4C1AA5EDEA1C85E9CA5E6 = {
			isa = XCConfigurationList;
			buildConfigurations = (
				"3AA6C32AC930069E80220CF1",
				"339EE1B2CC4FC24589A0EA95");
			defaultConfigurationIsVisible = 0;
			defaultConfigurationName = "Release";
		};
		6CC3B5D2136C7CD6A5CF5A59 = {
			isa = XCConfigurationList;
			buildConfigurations = (
				"77418F46922677BB04ED38DD",
				"6666AA5E688052234F6758D8");
			defaultConfigurationIsVisible = 0;
			defaultConfigurationName = "Release";
		};
		6DB9C3763D02B1415CD9D565 = {
			hasScannedForEncodings = 1;
			compatibilityVersion = "Xcode 3.2";
			isa = PBXProject;
			mainGroup = "E8C543AB96796ECAA2E65C57";
			productRefGroup = "FE0A091FDBFB3E9C31B7A1BD";
			buildConfigurationList = "DAC4C1AA5EDEA1C85E9CA5E6";
			projectDirPath = "";
			projectRoot = "";
			targets = (
				"C4C67A372046FB8B7FCDBF78",
				"ACC7EC05FC8E11EA67921947");
			attributes = {
				TargetAttributes = {
				};
			};
		};
	};
	rootObject = "6DB9C3763D02B1415CD9D565";
}
